
Microsoft Visual Studio Solution File, Format Version 12.00
# Visual Studio 15
VisualStudioVersion = 15.0.26430.16
MinimumVisualStudioVersion = 10.0.40219.1
Project("{2150E333-8FDC-42A3-9474-1A3956D46DE8}") = "Editor", "Editor", "{032EE691-4D42-407A-A4F7-9DDA89D2C3CA}"
EndProject
Project("{FAE04EC0-301F-11D3-BF4B-00C04F79EFBC}") = "Editor", "Editor\Editor.csproj", "{0F20AFA5-5E79-4DF1-8706-72A299E48D69}"
EndProject
Project("{2150E333-8FDC-42A3-9474-1A3956D46DE8}") = "Strings", "Strings", "{8E772A8E-8442-4391-AB38-972C899DDAF8}"
EndProject
Project("{FAE04EC0-301F-11D3-BF4B-00C04F79EFBC}") = "StringFunctions", "StringFunctions\StringFunctions.csproj", "{DA3DA753-6E50-4F65-B7CA-96D39D0D835F}"
EndProject
Project("{2150E333-8FDC-42A3-9474-1A3956D46DE8}") = "LinQLambda", "LinQLambda", "{ABDAA45C-C2F1-4DE7-862D-F77A5CD4E76F}"
EndProject
Project("{FAE04EC0-301F-11D3-BF4B-00C04F79EFBC}") = "LinQLambda", "LinQLambda\LinQLambda.csproj", "{50DEE0F4-E302-4F9A-980E-02486522AC52}"
EndProject
Project("{2150E333-8FDC-42A3-9474-1A3956D46DE8}") = "ExtensionMethods", "ExtensionMethods", "{5F456D59-6784-4447-9279-72556B04C5E3}"
EndProject
Project("{FAE04EC0-301F-11D3-BF4B-00C04F79EFBC}") = "ExtensionMethods", "ExtensionMethods\ExtensionMethods.csproj", "{38527539-EDFE-4E38-B815-A79D9613DEED}"
EndProject
Global
	GlobalSection(SolutionConfigurationPlatforms) = preSolution
		Debug|Any CPU = Debug|Any CPU
		Release|Any CPU = Release|Any CPU
	EndGlobalSection
	GlobalSection(ProjectConfigurationPlatforms) = postSolution
		{0F20AFA5-5E79-4DF1-8706-72A299E48D69}.Debug|Any CPU.ActiveCfg = Debug|Any CPU
		{0F20AFA5-5E79-4DF1-8706-72A299E48D69}.Debug|Any CPU.Build.0 = Debug|Any CPU
		{0F20AFA5-5E79-4DF1-8706-72A299E48D69}.Release|Any CPU.ActiveCfg = Release|Any CPU
		{0F20AFA5-5E79-4DF1-8706-72A299E48D69}.Release|Any CPU.Build.0 = Release|Any CPU
		{DA3DA753-6E50-4F65-B7CA-96D39D0D835F}.Debug|Any CPU.ActiveCfg = Debug|Any CPU
		{DA3DA753-6E50-4F65-B7CA-96D39D0D835F}.Debug|Any CPU.Build.0 = Debug|Any CPU
		{DA3DA753-6E50-4F65-B7CA-96D39D0D835F}.Release|Any CPU.ActiveCfg = Release|Any CPU
		{DA3DA753-6E50-4F65-B7CA-96D39D0D835F}.Release|Any CPU.Build.0 = Release|Any CPU
		{50DEE0F4-E302-4F9A-980E-02486522AC52}.Debug|Any CPU.ActiveCfg = Debug|Any CPU
		{50DEE0F4-E302-4F9A-980E-02486522AC52}.Debug|Any CPU.Build.0 = Debug|Any CPU
		{50DEE0F4-E302-4F9A-980E-02486522AC52}.Release|Any CPU.ActiveCfg = Release|Any CPU
		{50DEE0F4-E302-4F9A-980E-02486522AC52}.Release|Any CPU.Build.0 = Release|Any CPU
		{38527539-EDFE-4E38-B815-A79D9613DEED}.Debug|Any CPU.ActiveCfg = Debug|Any CPU
		{38527539-EDFE-4E38-B815-A79D9613DEED}.Debug|Any CPU.Build.0 = Debug|Any CPU
		{38527539-EDFE-4E38-B815-A79D9613DEED}.Release|Any CPU.ActiveCfg = Release|Any CPU
		{38527539-EDFE-4E38-B815-A79D9613DEED}.Release|Any CPU.Build.0 = Release|Any CPU
	EndGlobalSection
	GlobalSection(SolutionProperties) = preSolution
		HideSolutionNode = FALSE
	EndGlobalSection
	GlobalSection(NestedProjects) = preSolution
		{0F20AFA5-5E79-4DF1-8706-72A299E48D69} = {032EE691-4D42-407A-A4F7-9DDA89D2C3CA}
		{DA3DA753-6E50-4F65-B7CA-96D39D0D835F} = {8E772A8E-8442-4391-AB38-972C899DDAF8}
		{50DEE0F4-E302-4F9A-980E-02486522AC52} = {ABDAA45C-C2F1-4DE7-862D-F77A5CD4E76F}
		{38527539-EDFE-4E38-B815-A79D9613DEED} = {5F456D59-6784-4447-9279-72556B04C5E3}
	EndGlobalSection
EndGlobal
