
Microsoft Visual Studio Solution File, Format Version 12.00
# Visual Studio 15
VisualStudioVersion = 15.0.26730.8
MinimumVisualStudioVersion = 10.0.40219.1
Project("{2150E333-8FDC-42A3-9474-1A3956D46DE8}") = "Aula1", "Aula1", "{C331435B-EE64-48A9-8762-B07F71DA717A}"
EndProject
Project("{FAE04EC0-301F-11D3-BF4B-00C04F79EFBC}") = "ValidadorDeDocumentos", "ValidadorDeDocumentos\ValidadorDeDocumentos.csproj", "{E1CA579E-0D12-4859-AFD2-78FC6CF4C075}"
EndProject
Project("{2150E333-8FDC-42A3-9474-1A3956D46DE8}") = "Aula3", "Aula3", "{486F269B-B66B-40C1-8304-BE2D82F3296D}"
EndProject
Project("{FAE04EC0-301F-11D3-BF4B-00C04F79EFBC}") = "Dinheiro", "Dinheiro\Dinheiro.csproj", "{BF0BBCDD-409B-4EA0-899F-6DE24B053E6A}"
EndProject
Project("{2150E333-8FDC-42A3-9474-1A3956D46DE8}") = "Aula2", "Aula2", "{38FF36ED-221B-4506-91E2-8499F75DEAC2}"
EndProject
Project("{FAE04EC0-301F-11D3-BF4B-00C04F79EFBC}") = "Datas", "Datas\Datas.csproj", "{45C47453-0DAB-45A1-9280-2B810D55F4E8}"
EndProject
Global
	GlobalSection(SolutionConfigurationPlatforms) = preSolution
		Debug|Any CPU = Debug|Any CPU
		Release|Any CPU = Release|Any CPU
	EndGlobalSection
	GlobalSection(ProjectConfigurationPlatforms) = postSolution
		{E1CA579E-0D12-4859-AFD2-78FC6CF4C075}.Debug|Any CPU.ActiveCfg = Debug|Any CPU
		{E1CA579E-0D12-4859-AFD2-78FC6CF4C075}.Debug|Any CPU.Build.0 = Debug|Any CPU
		{E1CA579E-0D12-4859-AFD2-78FC6CF4C075}.Release|Any CPU.ActiveCfg = Release|Any CPU
		{E1CA579E-0D12-4859-AFD2-78FC6CF4C075}.Release|Any CPU.Build.0 = Release|Any CPU
		{BF0BBCDD-409B-4EA0-899F-6DE24B053E6A}.Debug|Any CPU.ActiveCfg = Debug|Any CPU
		{BF0BBCDD-409B-4EA0-899F-6DE24B053E6A}.Debug|Any CPU.Build.0 = Debug|Any CPU
		{BF0BBCDD-409B-4EA0-899F-6DE24B053E6A}.Release|Any CPU.ActiveCfg = Release|Any CPU
		{BF0BBCDD-409B-4EA0-899F-6DE24B053E6A}.Release|Any CPU.Build.0 = Release|Any CPU
		{45C47453-0DAB-45A1-9280-2B810D55F4E8}.Debug|Any CPU.ActiveCfg = Debug|Any CPU
		{45C47453-0DAB-45A1-9280-2B810D55F4E8}.Debug|Any CPU.Build.0 = Debug|Any CPU
		{45C47453-0DAB-45A1-9280-2B810D55F4E8}.Release|Any CPU.ActiveCfg = Release|Any CPU
		{45C47453-0DAB-45A1-9280-2B810D55F4E8}.Release|Any CPU.Build.0 = Release|Any CPU
	EndGlobalSection
	GlobalSection(SolutionProperties) = preSolution
		HideSolutionNode = FALSE
	EndGlobalSection
	GlobalSection(NestedProjects) = preSolution
		{E1CA579E-0D12-4859-AFD2-78FC6CF4C075} = {C331435B-EE64-48A9-8762-B07F71DA717A}
		{BF0BBCDD-409B-4EA0-899F-6DE24B053E6A} = {486F269B-B66B-40C1-8304-BE2D82F3296D}
		{45C47453-0DAB-45A1-9280-2B810D55F4E8} = {38FF36ED-221B-4506-91E2-8499F75DEAC2}
	EndGlobalSection
	GlobalSection(ExtensibilityGlobals) = postSolution
		SolutionGuid = {1FAE8A3D-443F-4ADB-B5AA-86279DDC3410}
	EndGlobalSection
EndGlobal
